
Microsoft Visual Studio Solution File, Format Version 12.00
# Visual Studio Version 16
VisualStudioVersion = 16.0.29920.165
MinimumVisualStudioVersion = 10.0.40219.1
Project("{930C7802-8A8C-48F9-8165-68863BCCD9DD}") = "GEOBOX.OSC.DisplayModelEditor.Installer", "GEOBOX.OSC.DisplayModelEditor.Installer\GEOBOX.OSC.DisplayModelEditor.Installer.wixproj", "{F8CD3105-F76C-472E-A45D-EE47F2A37B41}"
	ProjectSection(ProjectDependencies) = postProject
		{68EB236E-9FFD-4111-AE5A-A5BC662BE796} = {68EB236E-9FFD-4111-AE5A-A5BC662BE796}
	EndProjectSection
EndProject
Project("{FAE04EC0-301F-11D3-BF4B-00C04F79EFBC}") = "GEOBOX.OSC.DisplayModelEditor", "..\GEOBOX.OSC.DisplayModelEditor\GEOBOX.OSC.DisplayModelEditor.csproj", "{68EB236E-9FFD-4111-AE5A-A5BC662BE796}"
EndProject
Global
	GlobalSection(SolutionConfigurationPlatforms) = preSolution
		Debug|x64 = Debug|x64
		de-De|x64 = de-De|x64
		Release|x64 = Release|x64
	EndGlobalSection
	GlobalSection(ProjectConfigurationPlatforms) = postSolution
		{F8CD3105-F76C-472E-A45D-EE47F2A37B41}.Debug|x64.ActiveCfg = Debug|x64
		{F8CD3105-F76C-472E-A45D-EE47F2A37B41}.de-De|x64.ActiveCfg = de_DE|x64
		{F8CD3105-F76C-472E-A45D-EE47F2A37B41}.de-De|x64.Build.0 = de_DE|x64
		{F8CD3105-F76C-472E-A45D-EE47F2A37B41}.Release|x64.ActiveCfg = Release|x64
		{68EB236E-9FFD-4111-AE5A-A5BC662BE796}.Debug|x64.ActiveCfg = Debug|x64
		{68EB236E-9FFD-4111-AE5A-A5BC662BE796}.Debug|x64.Build.0 = Debug|x64
		{68EB236E-9FFD-4111-AE5A-A5BC662BE796}.de-De|x64.ActiveCfg = Release|x64
		{68EB236E-9FFD-4111-AE5A-A5BC662BE796}.de-De|x64.Build.0 = Release|x64
		{68EB236E-9FFD-4111-AE5A-A5BC662BE796}.Release|x64.ActiveCfg = Release|x64
		{68EB236E-9FFD-4111-AE5A-A5BC662BE796}.Release|x64.Build.0 = Release|x64
	EndGlobalSection
	GlobalSection(SolutionProperties) = preSolution
		HideSolutionNode = FALSE
	EndGlobalSection
	GlobalSection(ExtensibilityGlobals) = postSolution
		SolutionGuid = {597DFD0C-119B-48F9-B8E5-F9CBC3197AFF}
	EndGlobalSection
EndGlobal
